lwc_cms_admin_block:
    resource: |
        alias: lwc_cms.block
        section: admin
        templates: LwcCmsBundle:CrudUi
        except: ['show']
        redirect: update
        grid: lwc_cms_admin_block
        permission: true
        vars:
            all:
                header: lwc_cms.ui.blocks_header
                subheader: lwc_cms.ui.blocks_subheader
                templates:
                    form: "@LwcCms/Block/Crud/_form.html.twig"
            index:
                icon: block layout
            route:
                parameters:
                    code: $type
    type: sylius.resource

lwc_cms_admin_block_preview:
    path: /block/preview
    methods: [POST, PUT]
    defaults:
        _controller: lwc_cms.controller.block:previewAction
        _sylius:
            template: "@LwcCms/Block/preview.html.twig"
